
Microsoft Visual Studio Solution File, Format Version 12.00
# Visual Studio Version 17
VisualStudioVersion = 17.14.36511.14 d17.14
MinimumVisualStudioVersion = 10.0.40219.1
Project("{FAE04EC0-301F-11D3-BF4B-00C04F79EFBC}") = "gozba_na_klik", "gozba_na_klik.csproj", "{EF7334BE-9621-4501-AADD-A58BCE525D25}"
EndProject
Global
	GlobalSection(SolutionConfigurationPlatforms) = preSolution
		Debug|Any CPU = Debug|Any CPU
		Release|Any CPU = Release|Any CPU
	EndGlobalSection
	GlobalSection(ProjectConfigurationPlatforms) = postSolution
		{EF7334BE-9621-4501-AADD-A58BCE525D25}.Debug|Any CPU.ActiveCfg = Debug|Any CPU
		{EF7334BE-9621-4501-AADD-A58BCE525D25}.Debug|Any CPU.Build.0 = Debug|Any CPU
		{EF7334BE-9621-4501-AADD-A58BCE525D25}.Release|Any CPU.ActiveCfg = Release|Any CPU
		{EF7334BE-9621-4501-AADD-A58BCE525D25}.Release|Any CPU.Build.0 = Release|Any CPU
	EndGlobalSection
	GlobalSection(SolutionProperties) = preSolution
		HideSolutionNode = FALSE
	EndGlobalSection
	GlobalSection(ExtensibilityGlobals) = postSolution
		SolutionGuid = {6D29EA5C-B239-4C12-80FA-D8A0F0D39887}
	EndGlobalSection
EndGlobal
